// !$*UTF8*$!
{
	archiveVersion = 1;
	classes = {
	};
	objectVersion = 50;
	objects = {

/* Begin PBXBuildFile section */
		75C68E2A20953F2B00CEB3F3 /* AppDelegate.swift in Sources */ = {isa = PBXBuildFile; fileRef = 75C68E2920953F2B00CEB3F3 /* AppDelegate.swift */; };
		75C68E3120953F2B00CEB3F3 /* Main.storyboard in Resources */ = {isa = PBXBuildFile; fileRef = 75C68E2F20953F2B00CEB3F3 /* Main.storyboard */; };
		75C68E3320953F2B00CEB3F3 /* Assets.xcassets in Resources */ = {isa = PBXBuildFile; fileRef = 75C68E3220953F2B00CEB3F3 /* Assets.xcassets */; };
		75C68E3620953F2B00CEB3F3 /* LaunchScreen.storyboard in Resources */ = {isa = PBXBuildFile; fileRef = 75C68E3420953F2B00CEB3F3 /* LaunchScreen.storyboard */; };
		75C68E4220960ABE00CEB3F3 /* ComprasTableViewController.swift in Sources */ = {isa = PBXBuildFile; fileRef = 75C68E4120960ABE00CEB3F3 /* ComprasTableViewController.swift */; };
		75C68E4520960EB700CEB3F3 /* ComprasTableViewCell.swift in Sources */ = {isa = PBXBuildFile; fileRef = 75C68E4420960EB700CEB3F3 /* ComprasTableViewCell.swift */; };
		75C68E472096342B00CEB3F3 /* CompraViewController.swift in Sources */ = {isa = PBXBuildFile; fileRef = 75C68E462096342B00CEB3F3 /* CompraViewController.swift */; };
		75C68E4A2096455400CEB3F3 /* AjustesViewController.swift in Sources */ = {isa = PBXBuildFile; fileRef = 75C68E492096455400CEB3F3 /* AjustesViewController.swift */; };
		75C68E4C2096466300CEB3F3 /* AjustesTableViewCell.swift in Sources */ = {isa = PBXBuildFile; fileRef = 75C68E4B2096466300CEB3F3 /* AjustesTableViewCell.swift */; };
		75C68E4E2096484200CEB3F3 /* TotalComprasViewController.swift in Sources */ = {isa = PBXBuildFile; fileRef = 75C68E4D2096484200CEB3F3 /* TotalComprasViewController.swift */; };
		75C68E522096506700CEB3F3 /* Settings.bundle in Resources */ = {isa = PBXBuildFile; fileRef = 75C68E512096506700CEB3F3 /* Settings.bundle */; };
		75C68E552096547200CEB3F3 /* ComprasUSA.xcdatamodeld in Sources */ = {isa = PBXBuildFile; fileRef = 75C68E532096547200CEB3F3 /* ComprasUSA.xcdatamodeld */; };
		75C68E5B209686D200CEB3F3 /* UIViewController+CoreData.swift in Sources */ = {isa = PBXBuildFile; fileRef = 75C68E5A209686D200CEB3F3 /* UIViewController+CoreData.swift */; };
/* End PBXBuildFile section */

/* Begin PBXFileReference section */
		75C68E2620953F2B00CEB3F3 /* TiagoDias.app */ = {isa = PBXFileReference; explicitFileType = wrapper.application; includeInIndex = 0; path = TiagoDias.app; sourceTree = BUILT_PRODUCTS_DIR; };
		75C68E2920953F2B00CEB3F3 /* AppDelegate.swift */ = {isa = PBXFileReference; lastKnownFileType = sourcecode.swift; path = AppDelegate.swift; sourceTree = "<group>"; };
		75C68E3020953F2B00CEB3F3 /* Base */ = {isa = PBXFileReference; lastKnownFileType = file.storyboard; name = Base; path = Base.lproj/Main.storyboard; sourceTree = "<group>"; };
		75C68E3220953F2B00CEB3F3 /* Assets.xcassets */ = {isa = PBXFileReference; lastKnownFileType = folder.assetcatalog; path = Assets.xcassets; sourceTree = "<group>"; };
		75C68E3520953F2B00CEB3F3 /* Base */ = {isa = PBXFileReference; lastKnownFileType = file.storyboard; name = Base; path = Base.lproj/LaunchScreen.storyboard; sourceTree = "<group>"; };
		75C68E3720953F2B00CEB3F3 /* Info.plist */ = {isa = PBXFileReference; lastKnownFileType = text.plist.xml; path = Info.plist; sourceTree = "<group>"; };
		75C68E4120960ABE00CEB3F3 /* ComprasTableViewController.swift */ = {isa = PBXFileReference; lastKnownFileType = sourcecode.swift; path = ComprasTableViewController.swift; sourceTree = "<group>"; };
		75C68E4420960EB700CEB3F3 /* ComprasTableViewCell.swift */ = {isa = PBXFileReference; lastKnownFileType = sourcecode.swift; path = ComprasTableViewCell.swift; sourceTree = "<group>"; };
		75C68E462096342B00CEB3F3 /* CompraViewController.swift */ = {isa = PBXFileReference; lastKnownFileType = sourcecode.swift; path = CompraViewController.swift; sourceTree = "<group>"; };
		75C68E492096455400CEB3F3 /* AjustesViewController.swift */ = {isa = PBXFileReference; lastKnownFileType = sourcecode.swift; path = AjustesViewController.swift; sourceTree = "<group>"; };
		75C68E4B2096466300CEB3F3 /* AjustesTableViewCell.swift */ = {isa = PBXFileReference; lastKnownFileType = sourcecode.swift; path = AjustesTableViewCell.swift; sourceTree = "<group>"; };
		75C68E4D2096484200CEB3F3 /* TotalComprasViewController.swift */ = {isa = PBXFileReference; lastKnownFileType = sourcecode.swift; path = TotalComprasViewController.swift; sourceTree = "<group>"; };
		75C68E512096506700CEB3F3 /* Settings.bundle */ = {isa = PBXFileReference; lastKnownFileType = "wrapper.plug-in"; path = Settings.bundle; sourceTree = "<group>"; };
		75C68E542096547200CEB3F3 /* ComprasUSA.xcdatamodel */ = {isa = PBXFileReference; lastKnownFileType = wrapper.xcdatamodel; path = ComprasUSA.xcdatamodel; sourceTree = "<group>"; };
		75C68E5A209686D200CEB3F3 /* UIViewController+CoreData.swift */ = {isa = PBXFileReference; lastKnownFileType = sourcecode.swift; path = "UIViewController+CoreData.swift"; sourceTree = "<group>"; };
/* End PBXFileReference section */

/* Begin PBXFrameworksBuildPhase section */
		75C68E2320953F2B00CEB3F3 /* Frameworks */ = {
			isa = PBXFrameworksBuildPhase;
			buildActionMask = 2147483647;
			files = (
			);
			runOnlyForDeploymentPostprocessing = 0;
		};
/* End PBXFrameworksBuildPhase section */

/* Begin PBXGroup section */
		75C68E1D20953F2B00CEB3F3 = {
			isa = PBXGroup;
			children = (
				75C68E2820953F2B00CEB3F3 /* TiagoDias */,
				75C68E2720953F2B00CEB3F3 /* Products */,
			);
			sourceTree = "<group>";
		};
		75C68E2720953F2B00CEB3F3 /* Products */ = {
			isa = PBXGroup;
			children = (
				75C68E2620953F2B00CEB3F3 /* TiagoDias.app */,
			);
			name = Products;
			sourceTree = "<group>";
		};
		75C68E2820953F2B00CEB3F3 /* TiagoDias */ = {
			isa = PBXGroup;
			children = (
				75C68E592096868500CEB3F3 /* extensions */,
				75C68E562096793400CEB3F3 /* imagens */,
				75C68E48209644EE00CEB3F3 /* Ajustes */,
				75C68E4320960E3C00CEB3F3 /* Compras */,
				75C68E2920953F2B00CEB3F3 /* AppDelegate.swift */,
				75C68E2F20953F2B00CEB3F3 /* Main.storyboard */,
				75C68E3220953F2B00CEB3F3 /* Assets.xcassets */,
				75C68E3420953F2B00CEB3F3 /* LaunchScreen.storyboard */,
				75C68E3720953F2B00CEB3F3 /* Info.plist */,
				75C68E512096506700CEB3F3 /* Settings.bundle */,
				75C68E532096547200CEB3F3 /* ComprasUSA.xcdatamodeld */,
			);
			path = TiagoDias;
			sourceTree = "<group>";
		};
		75C68E4320960E3C00CEB3F3 /* Compras */ = {
			isa = PBXGroup;
			children = (
				75C68E4120960ABE00CEB3F3 /* ComprasTableViewController.swift */,
				75C68E4420960EB700CEB3F3 /* ComprasTableViewCell.swift */,
				75C68E462096342B00CEB3F3 /* CompraViewController.swift */,
				75C68E4D2096484200CEB3F3 /* TotalComprasViewController.swift */,
			);
			path = Compras;
			sourceTree = "<group>";
		};
		75C68E48209644EE00CEB3F3 /* Ajustes */ = {
			isa = PBXGroup;
			children = (
				75C68E492096455400CEB3F3 /* AjustesViewController.swift */,
				75C68E4B2096466300CEB3F3 /* AjustesTableViewCell.swift */,
			);
			path = Ajustes;
			sourceTree = "<group>";
		};
		75C68E562096793400CEB3F3 /* imagens */ = {
			isa = PBXGroup;
			children = (
			);
			path = imagens;
			sourceTree = "<group>";
		};
		75C68E592096868500CEB3F3 /* extensions */ = {
			isa = PBXGroup;
			children = (
				75C68E5A209686D200CEB3F3 /* UIViewController+CoreData.swift */,
			);
			path = extensions;
			sourceTree = "<group>";
		};
/* End PBXGroup section */

/* Begin PBXNativeTarget section */
		75C68E2520953F2B00CEB3F3 /* TiagoDias */ = {
			isa = PBXNativeTarget;
			buildConfigurationList = 75C68E3A20953F2B00CEB3F3 /* Build configuration list for PBXNativeTarget "TiagoDias" */;
			buildPhases = (
				75C68E2220953F2B00CEB3F3 /* Sources */,
				75C68E2320953F2B00CEB3F3 /* Frameworks */,
				75C68E2420953F2B00CEB3F3 /* Resources */,
			);
			buildRules = (
			);
			dependencies = (
			);
			name = TiagoDias;
			productName = TiagoDias;
			productReference = 75C68E2620953F2B00CEB3F3 /* TiagoDias.app */;
			productType = "com.apple.product-type.application";
		};
/* End PBXNativeTarget section */

/* Begin PBXProject section */
		75C68E1E20953F2B00CEB3F3 /* Project object */ = {
			isa = PBXProject;
			attributes = {
				LastSwiftUpdateCheck = 0930;
				LastUpgradeCheck = 0930;
				ORGANIZATIONNAME = "Tiago Novaes Dias";
				TargetAttributes = {
					75C68E2520953F2B00CEB3F3 = {
						CreatedOnToolsVersion = 9.3;
					};
				};
			};
			buildConfigurationList = 75C68E2120953F2B00CEB3F3 /* Build configuration list for PBXProject "TiagoDias" */;
			compatibilityVersion = "Xcode 9.3";
			developmentRegion = en;
			hasScannedForEncodings = 0;
			knownRegions = (
				en,
				Base,
			);
			mainGroup = 75C68E1D20953F2B00CEB3F3;
			productRefGroup = 75C68E2720953F2B00CEB3F3 /* Products */;
			projectDirPath = "";
			projectRoot = "";
			targets = (
				75C68E2520953F2B00CEB3F3 /* TiagoDias */,
			);
		};
/* End PBXProject section */

/* Begin PBXResourcesBuildPhase section */
		75C68E2420953F2B00CEB3F3 /* Resources */ = {
			isa = PBXResourcesBuildPhase;
			buildActionMask = 2147483647;
			files = (
				75C68E522096506700CEB3F3 /* Settings.bundle in Resources */,
				75C68E3620953F2B00CEB3F3 /* LaunchScreen.storyboard in Resources */,
				75C68E3320953F2B00CEB3F3 /* Assets.xcassets in Resources */,
				75C68E3120953F2B00CEB3F3 /* Main.storyboard in Resources */,
			);
			runOnlyForDeploymentPostprocessing = 0;
		};
/* End PBXResourcesBuildPhase section */

/* Begin PBXSourcesBuildPhase section */
		75C68E2220953F2B00CEB3F3 /* Sources */ = {
			isa = PBXSourcesBuildPhase;
			buildActionMask = 2147483647;
			files = (
				75C68E4A2096455400CEB3F3 /* AjustesViewController.swift in Sources */,
				75C68E4520960EB700CEB3F3 /* ComprasTableViewCell.swift in Sources */,
				75C68E4220960ABE00CEB3F3 /* ComprasTableViewController.swift in Sources */,
				75C68E5B209686D200CEB3F3 /* UIViewController+CoreData.swift in Sources */,
				75C68E472096342B00CEB3F3 /* CompraViewController.swift in Sources */,
				75C68E4E2096484200CEB3F3 /* TotalComprasViewController.swift in Sources */,
				75C68E552096547200CEB3F3 /* ComprasUSA.xcdatamodeld in Sources */,
				75C68E2A20953F2B00CEB3F3 /* AppDelegate.swift in Sources */,
				75C68E4C2096466300CEB3F3 /* AjustesTableViewCell.swift in Sources */,
			);
			runOnlyForDeploymentPostprocessing = 0;
		};
/* End PBXSourcesBuildPhase section */

/* Begin PBXVariantGroup section */
		75C68E2F20953F2B00CEB3F3 /* Main.storyboard */ = {
			isa = PBXVariantGroup;
			children = (
				75C68E3020953F2B00CEB3F3 /* Base */,
			);
			name = Main.storyboard;
			sourceTree = "<group>";
		};
		75C68E3420953F2B00CEB3F3 /* LaunchScreen.storyboard */ = {
			isa = PBXVariantGroup;
			children = (
				75C68E3520953F2B00CEB3F3 /* Base */,
			);
			name = LaunchScreen.storyboard;
			sourceTree = "<group>";
		};
/* End PBXVariantGroup section */

/* Begin XCBuildConfiguration section */
		75C68E3820953F2B00CEB3F3 /* Debug */ = {
			isa = XCBuildConfiguration;
			buildSettings = {
				ALWAYS_SEARCH_USER_PATHS = NO;
				CLANG_ANALYZER_NONNULL = YES;
				CLANG_ANALYZER_NUMBER_OBJECT_CONVERSION = YES_AGGRESSIVE;
				CLANG_CXX_LANGUAGE_STANDARD = "gnu++14";
				CLANG_CXX_LIBRARY = "libc++";
				CLANG_ENABLE_MODULES = YES;
				CLANG_ENABLE_OBJC_ARC = YES;
				CLANG_ENABLE_OBJC_WEAK = YES;
				CLANG_WARN_BLOCK_CAPTURE_AUTORELEASING = YES;
				CLANG_WARN_BOOL_CONVERSION = YES;
				CLANG_WARN_COMMA = YES;
				CLANG_WARN_CONSTANT_CONVERSION = YES;
				CLANG_WARN_DEPRECATED_OBJC_IMPLEMENTATIONS = YES;
				CLANG_WARN_DIRECT_OBJC_ISA_USAGE = YES_ERROR;
				CLANG_WARN_DOCUMENTATION_COMMENTS = YES;
				CLANG_WARN_EMPTY_BODY = YES;
				CLANG_WARN_ENUM_CONVERSION = YES;
				CLANG_WARN_INFINITE_RECURSION = YES;
				CLANG_WARN_INT_CONVERSION = YES;
				CLANG_WARN_NON_LITERAL_NULL_CONVERSION = YES;
				CLANG_WARN_OBJC_IMPLICIT_RETAIN_SELF = YES;
				CLANG_WARN_OBJC_LITERAL_CONVERSION = YES;
				CLANG_WARN_OBJC_ROOT_CLASS = YES_ERROR;
				CLANG_WARN_RANGE_LOOP_ANALYSIS = YES;
				CLANG_WARN_STRICT_PROTOTYPES = YES;
				CLANG_WARN_SUSPICIOUS_MOVE = YES;
				CLANG_WARN_UNGUARDED_AVAILABILITY = YES_AGGRESSIVE;
				CLANG_WARN_UNREACHABLE_CODE = YES;
				CLANG_WARN__DUPLICATE_METHOD_MATCH = YES;
				CODE_SIGN_IDENTITY = "iPhone Developer";
				COPY_PHASE_STRIP = NO;
				DEBUG_INFORMATION_FORMAT = dwarf;
				ENABLE_STRICT_OBJC_MSGSEND = YES;
				ENABLE_TESTABILITY = YES;
				GCC_C_LANGUAGE_STANDARD = gnu11;
				GCC_DYNAMIC_NO_PIC = NO;
				GCC_NO_COMMON_BLOCKS = YES;
				GCC_OPTIMIZATION_LEVEL = 0;
				GCC_PREPROCESSOR_DEFINITIONS = (
					"DEBUG=1",
					"$(inherited)",
				);
				GCC_WARN_64_TO_32_BIT_CONVERSION = YES;
				GCC_WARN_ABOUT_RETURN_TYPE = YES_ERROR;
				GCC_WARN_UNDECLARED_SELECTOR = YES;
				GCC_WARN_UNINITIALIZED_AUTOS = YES_AGGRESSIVE;
				GCC_WARN_UNUSED_FUNCTION = YES;
				GCC_WARN_UNUSED_VARIABLE = YES;
				IPHONEOS_DEPLOYMENT_TARGET = 11.3;
				MTL_ENABLE_DEBUG_INFO = YES;
				ONLY_ACTIVE_ARCH = YES;
				SDKROOT = iphoneos;
				SWIFT_ACTIVE_COMPILATION_CONDITIONS = DEBUG;
				SWIFT_OPTIMIZATION_LEVEL = "-Onone";
			};
			name = Debug;
		};
		75C68E3920953F2B00CEB3F3 /* Release */ = {
			isa = XCBuildConfiguration;
			buildSettings = {
				ALWAYS_SEARCH_USER_PATHS = NO;
				CLANG_ANALYZER_NONNULL = YES;
				CLANG_ANALYZER_NUMBER_OBJECT_CONVERSION = YES_AGGRESSIVE;
				CLANG_CXX_LANGUAGE_STANDARD = "gnu++14";
				CLANG_CXX_LIBRARY = "libc++";
				CLANG_ENABLE_MODULES = YES;
				CLANG_ENABLE_OBJC_ARC = YES;
				CLANG_ENABLE_OBJC_WEAK = YES;
				CLANG_WARN_BLOCK_CAPTURE_AUTORELEASING = YES;
				CLANG_WARN_BOOL_CONVERSION = YES;
				CLANG_WARN_COMMA = YES;
				CLANG_WARN_CONSTANT_CONVERSION = YES;
				CLANG_WARN_DEPRECATED_OBJC_IMPLEMENTATIONS = YES;
				CLANG_WARN_DIRECT_OBJC_ISA_USAGE = YES_ERROR;
				CLANG_WARN_DOCUMENTATION_COMMENTS = YES;
				CLANG_WARN_EMPTY_BODY = YES;
				CLANG_WARN_ENUM_CONVERSION = YES;
				CLANG_WARN_INFINITE_RECURSION = YES;
				CLANG_WARN_INT_CONVERSION = YES;
				CLANG_WARN_NON_LITERAL_NULL_CONVERSION = YES;
				CLANG_WARN_OBJC_IMPLICIT_RETAIN_SELF = YES;
				CLANG_WARN_OBJC_LITERAL_CONVERSION = YES;
				CLANG_WARN_OBJC_ROOT_CLASS = YES_ERROR;
				CLANG_WARN_RANGE_LOOP_ANALYSIS = YES;
				CLANG_WARN_STRICT_PROTOTYPES = YES;
				CLANG_WARN_SUSPICIOUS_MOVE = YES;
				CLANG_WARN_UNGUARDED_AVAILABILITY = YES_AGGRESSIVE;
				CLANG_WARN_UNREACHABLE_CODE = YES;
				CLANG_WARN__DUPLICATE_METHOD_MATCH = YES;
				CODE_SIGN_IDENTITY = "iPhone Developer";
				COPY_PHASE_STRIP = NO;
				DEBUG_INFORMATION_FORMAT = "dwarf-with-dsym";
				ENABLE_NS_ASSERTIONS = NO;
				ENABLE_STRICT_OBJC_MSGSEND = YES;
				GCC_C_LANGUAGE_STANDARD = gnu11;
				GCC_NO_COMMON_BLOCKS = YES;
				GCC_WARN_64_TO_32_BIT_CONVERSION = YES;
				GCC_WARN_ABOUT_RETURN_TYPE = YES_ERROR;
				GCC_WARN_UNDECLARED_SELECTOR = YES;
				GCC_WARN_UNINITIALIZED_AUTOS = YES_AGGRESSIVE;
				GCC_WARN_UNUSED_FUNCTION = YES;
				GCC_WARN_UNUSED_VARIABLE = YES;
				IPHONEOS_DEPLOYMENT_TARGET = 11.3;
				MTL_ENABLE_DEBUG_INFO = NO;
				SDKROOT = iphoneos;
				SWIFT_COMPILATION_MODE = wholemodule;
				SWIFT_OPTIMIZATION_LEVEL = "-O";
				VALIDATE_PRODUCT = YES;
			};
			name = Release;
		};
		75C68E3B20953F2B00CEB3F3 /* Debug */ = {
			isa = XCBuildConfiguration;
			buildSettings = {
				ASSETCATALOG_COMPILER_APPICON_NAME = AppIcon;
				CODE_SIGN_STYLE = Automatic;
				INFOPLIST_FILE = TiagoDias/Info.plist;
				LD_RUNPATH_SEARCH_PATHS = (
					"$(inherited)",
					"@executable_path/Frameworks",
				);
				PRODUCT_BUNDLE_IDENTIFIER = ComprasUSA.TiagoDias;
				PRODUCT_NAME = "$(TARGET_NAME)";
				SWIFT_VERSION = 4.0;
				TARGETED_DEVICE_FAMILY = "1,2";
			};
			name = Debug;
		};
		75C68E3C20953F2B00CEB3F3 /* Release */ = {
			isa = XCBuildConfiguration;
			buildSettings = {
				ASSETCATALOG_COMPILER_APPICON_NAME = AppIcon;
				CODE_SIGN_STYLE = Automatic;
				INFOPLIST_FILE = TiagoDias/Info.plist;
				LD_RUNPATH_SEARCH_PATHS = (
					"$(inherited)",
					"@executable_path/Frameworks",
				);
				PRODUCT_BUNDLE_IDENTIFIER = ComprasUSA.TiagoDias;
				PRODUCT_NAME = "$(TARGET_NAME)";
				SWIFT_VERSION = 4.0;
				TARGETED_DEVICE_FAMILY = "1,2";
			};
			name = Release;
		};
/* End XCBuildConfiguration section */

/* Begin XCConfigurationList section */
		75C68E2120953F2B00CEB3F3 /* Build configuration list for PBXProject "TiagoDias" */ = {
			isa = XCConfigurationList;
			buildConfigurations = (
				75C68E3820953F2B00CEB3F3 /* Debug */,
				75C68E3920953F2B00CEB3F3 /* Release */,
			);
			defaultConfigurationIsVisible = 0;
			defaultConfigurationName = Release;
		};
		75C68E3A20953F2B00CEB3F3 /* Build configuration list for PBXNativeTarget "TiagoDias" */ = {
			isa = XCConfigurationList;
			buildConfigurations = (
				75C68E3B20953F2B00CEB3F3 /* Debug */,
				75C68E3C20953F2B00CEB3F3 /* Release */,
			);
			defaultConfigurationIsVisible = 0;
			defaultConfigurationName = Release;
		};
/* End XCConfigurationList section */

/* Begin XCVersionGroup section */
		75C68E532096547200CEB3F3 /* ComprasUSA.xcdatamodeld */ = {
			isa = XCVersionGroup;
			children = (
				75C68E542096547200CEB3F3 /* ComprasUSA.xcdatamodel */,
			);
			currentVersion = 75C68E542096547200CEB3F3 /* ComprasUSA.xcdatamodel */;
			path = ComprasUSA.xcdatamodeld;
			sourceTree = "<group>";
			versionGroupType = wrapper.xcdatamodel;
		};
/* End XCVersionGroup section */
	};
	rootObject = 75C68E1E20953F2B00CEB3F3 /* Project object */;
}
